
Microsoft Visual Studio Solution File, Format Version 12.00
# Visual Studio Version 16
VisualStudioVersion = 16.0.30413.136
MinimumVisualStudioVersion = 10.0.40219.1
Project("{FAE04EC0-301F-11D3-BF4B-00C04F79EFBC}") = "Cadastro_3_Camadas_SQL_Server", "Cadastro_3_Camadas_SQL_Server\Cadastro_3_Camadas_SQL_Server.csproj", "{EB90220A-69C6-4D63-B423-0B6FA3FC42E8}"
EndProject
Global
	GlobalSection(SolutionConfigurationPlatforms) = preSolution
		Debug|Any CPU = Debug|Any CPU
		Release|Any CPU = Release|Any CPU
	EndGlobalSection
	GlobalSection(ProjectConfigurationPlatforms) = postSolution
		{EB90220A-69C6-4D63-B423-0B6FA3FC42E8}.Debug|Any CPU.ActiveCfg = Debug|Any CPU
		{EB90220A-69C6-4D63-B423-0B6FA3FC42E8}.Debug|Any CPU.Build.0 = Debug|Any CPU
		{EB90220A-69C6-4D63-B423-0B6FA3FC42E8}.Release|Any CPU.ActiveCfg = Release|Any CPU
		{EB90220A-69C6-4D63-B423-0B6FA3FC42E8}.Release|Any CPU.Build.0 = Release|Any CPU
	EndGlobalSection
	GlobalSection(SolutionProperties) = preSolution
		HideSolutionNode = FALSE
	EndGlobalSection
	GlobalSection(ExtensibilityGlobals) = postSolution
		SolutionGuid = {307049C5-ED7A-4350-8E44-1191F11BC4DA}
	EndGlobalSection
EndGlobal
